
Microsoft Visual Studio Solution File, Format Version 12.00
# Visual Studio 14
VisualStudioVersion = 14.0.25123.0
MinimumVisualStudioVersion = 10.0.40219.1
Project("{8BC9CEB8-8B4A-11D0-8D11-00A0C91BC942}") = "Silnia[1]", "Silnia[1]\Silnia[1].vcxproj", "{9D56BBEB-50D7-4E79-85BA-6A85A80D5152}"
EndProject
Project("{8BC9CEB8-8B4A-11D0-8D11-00A0C91BC942}") = "Wyswietlanie tekstu[2]", "Wyswietlanie tekstu[2]\Wyswietlanie tekstu[2].vcxproj", "{57F825D5-CF84-4B38-A856-1968A8855BA2}"
EndProject
Project("{8BC9CEB8-8B4A-11D0-8D11-00A0C91BC942}") = "Fibbonacci[3]", "Fibbonacci[3]\Fibbonacci[3].vcxproj", "{BFCEAA1D-92D1-4C46-9803-E42865AAAB89}"
EndProject
Project("{8BC9CEB8-8B4A-11D0-8D11-00A0C91BC942}") = "Systemy liczbowe[4]", "Systemy liczbowe[4]\Systemy liczbowe[4].vcxproj", "{D471647E-20FE-4BA6-A549-E97A83EAACBA}"
EndProject
Project("{8BC9CEB8-8B4A-11D0-8D11-00A0C91BC942}") = "Suma tablicy[5]", "Suma tablicy[5]\Suma tablicy[5].vcxproj", "{F668D608-0A0D-4792-B483-0CD561C4431E}"
EndProject
Project("{8BC9CEB8-8B4A-11D0-8D11-00A0C91BC942}") = "Agregacja[6]", "Agregacja[6]\Agregacja[6].vcxproj", "{5A835FAD-B8B3-4B49-8AA9-97867DF95050}"
EndProject
Project("{8BC9CEB8-8B4A-11D0-8D11-00A0C91BC942}") = "Kombinacje[7]", "Kombinacje[7]\Kombinacje[7].vcxproj", "{F510F319-BC45-479D-A5ED-0ECDF27FAC0B}"
EndProject
Global
	GlobalSection(SolutionConfigurationPlatforms) = preSolution
		Debug|x64 = Debug|x64
		Debug|x86 = Debug|x86
		Release|x64 = Release|x64
		Release|x86 = Release|x86
	EndGlobalSection
	GlobalSection(ProjectConfigurationPlatforms) = postSolution
		{9D56BBEB-50D7-4E79-85BA-6A85A80D5152}.Debug|x64.ActiveCfg = Debug|x64
		{9D56BBEB-50D7-4E79-85BA-6A85A80D5152}.Debug|x64.Build.0 = Debug|x64
		{9D56BBEB-50D7-4E79-85BA-6A85A80D5152}.Debug|x86.ActiveCfg = Debug|Win32
		{9D56BBEB-50D7-4E79-85BA-6A85A80D5152}.Debug|x86.Build.0 = Debug|Win32
		{9D56BBEB-50D7-4E79-85BA-6A85A80D5152}.Release|x64.ActiveCfg = Release|x64
		{9D56BBEB-50D7-4E79-85BA-6A85A80D5152}.Release|x64.Build.0 = Release|x64
		{9D56BBEB-50D7-4E79-85BA-6A85A80D5152}.Release|x86.ActiveCfg = Release|Win32
		{9D56BBEB-50D7-4E79-85BA-6A85A80D5152}.Release|x86.Build.0 = Release|Win32
		{57F825D5-CF84-4B38-A856-1968A8855BA2}.Debug|x64.ActiveCfg = Debug|x64
		{57F825D5-CF84-4B38-A856-1968A8855BA2}.Debug|x64.Build.0 = Debug|x64
		{57F825D5-CF84-4B38-A856-1968A8855BA2}.Debug|x86.ActiveCfg = Debug|Win32
		{57F825D5-CF84-4B38-A856-1968A8855BA2}.Debug|x86.Build.0 = Debug|Win32
		{57F825D5-CF84-4B38-A856-1968A8855BA2}.Release|x64.ActiveCfg = Release|x64
		{57F825D5-CF84-4B38-A856-1968A8855BA2}.Release|x64.Build.0 = Release|x64
		{57F825D5-CF84-4B38-A856-1968A8855BA2}.Release|x86.ActiveCfg = Release|Win32
		{57F825D5-CF84-4B38-A856-1968A8855BA2}.Release|x86.Build.0 = Release|Win32
		{BFCEAA1D-92D1-4C46-9803-E42865AAAB89}.Debug|x64.ActiveCfg = Debug|x64
		{BFCEAA1D-92D1-4C46-9803-E42865AAAB89}.Debug|x64.Build.0 = Debug|x64
		{BFCEAA1D-92D1-4C46-9803-E42865AAAB89}.Debug|x86.ActiveCfg = Debug|Win32
		{BFCEAA1D-92D1-4C46-9803-E42865AAAB89}.Debug|x86.Build.0 = Debug|Win32
		{BFCEAA1D-92D1-4C46-9803-E42865AAAB89}.Release|x64.ActiveCfg = Release|x64
		{BFCEAA1D-92D1-4C46-9803-E42865AAAB89}.Release|x64.Build.0 = Release|x64
		{BFCEAA1D-92D1-4C46-9803-E42865AAAB89}.Release|x86.ActiveCfg = Release|Win32
		{BFCEAA1D-92D1-4C46-9803-E42865AAAB89}.Release|x86.Build.0 = Release|Win32
		{D471647E-20FE-4BA6-A549-E97A83EAACBA}.Debug|x64.ActiveCfg = Debug|x64
		{D471647E-20FE-4BA6-A549-E97A83EAACBA}.Debug|x64.Build.0 = Debug|x64
		{D471647E-20FE-4BA6-A549-E97A83EAACBA}.Debug|x86.ActiveCfg = Debug|Win32
		{D471647E-20FE-4BA6-A549-E97A83EAACBA}.Debug|x86.Build.0 = Debug|Win32
		{D471647E-20FE-4BA6-A549-E97A83EAACBA}.Release|x64.ActiveCfg = Release|x64
		{D471647E-20FE-4BA6-A549-E97A83EAACBA}.Release|x64.Build.0 = Release|x64
		{D471647E-20FE-4BA6-A549-E97A83EAACBA}.Release|x86.ActiveCfg = Release|Win32
		{D471647E-20FE-4BA6-A549-E97A83EAACBA}.Release|x86.Build.0 = Release|Win32
		{F668D608-0A0D-4792-B483-0CD561C4431E}.Debug|x64.ActiveCfg = Debug|x64
		{F668D608-0A0D-4792-B483-0CD561C4431E}.Debug|x64.Build.0 = Debug|x64
		{F668D608-0A0D-4792-B483-0CD561C4431E}.Debug|x86.ActiveCfg = Debug|Win32
		{F668D608-0A0D-4792-B483-0CD561C4431E}.Debug|x86.Build.0 = Debug|Win32
		{F668D608-0A0D-4792-B483-0CD561C4431E}.Release|x64.ActiveCfg = Release|x64
		{F668D608-0A0D-4792-B483-0CD561C4431E}.Release|x64.Build.0 = Release|x64
		{F668D608-0A0D-4792-B483-0CD561C4431E}.Release|x86.ActiveCfg = Release|Win32
		{F668D608-0A0D-4792-B483-0CD561C4431E}.Release|x86.Build.0 = Release|Win32
		{5A835FAD-B8B3-4B49-8AA9-97867DF95050}.Debug|x64.ActiveCfg = Debug|x64
		{5A835FAD-B8B3-4B49-8AA9-97867DF95050}.Debug|x64.Build.0 = Debug|x64
		{5A835FAD-B8B3-4B49-8AA9-97867DF95050}.Debug|x86.ActiveCfg = Debug|Win32
		{5A835FAD-B8B3-4B49-8AA9-97867DF95050}.Debug|x86.Build.0 = Debug|Win32
		{5A835FAD-B8B3-4B49-8AA9-97867DF95050}.Release|x64.ActiveCfg = Release|x64
		{5A835FAD-B8B3-4B49-8AA9-97867DF95050}.Release|x64.Build.0 = Release|x64
		{5A835FAD-B8B3-4B49-8AA9-97867DF95050}.Release|x86.ActiveCfg = Release|Win32
		{5A835FAD-B8B3-4B49-8AA9-97867DF95050}.Release|x86.Build.0 = Release|Win32
		{F510F319-BC45-479D-A5ED-0ECDF27FAC0B}.Debug|x64.ActiveCfg = Debug|x64
		{F510F319-BC45-479D-A5ED-0ECDF27FAC0B}.Debug|x64.Build.0 = Debug|x64
		{F510F319-BC45-479D-A5ED-0ECDF27FAC0B}.Debug|x86.ActiveCfg = Debug|Win32
		{F510F319-BC45-479D-A5ED-0ECDF27FAC0B}.Debug|x86.Build.0 = Debug|Win32
		{F510F319-BC45-479D-A5ED-0ECDF27FAC0B}.Release|x64.ActiveCfg = Release|x64
		{F510F319-BC45-479D-A5ED-0ECDF27FAC0B}.Release|x64.Build.0 = Release|x64
		{F510F319-BC45-479D-A5ED-0ECDF27FAC0B}.Release|x86.ActiveCfg = Release|Win32
		{F510F319-BC45-479D-A5ED-0ECDF27FAC0B}.Release|x86.Build.0 = Release|Win32
	EndGlobalSection
	GlobalSection(SolutionProperties) = preSolution
		HideSolutionNode = FALSE
	EndGlobalSection
EndGlobal
