
Microsoft Visual Studio Solution File, Format Version 12.00
# Visual Studio 14
VisualStudioVersion = 14.0.24720.0
MinimumVisualStudioVersion = 10.0.40219.1
Project("{8BC9CEB8-8B4A-11D0-8D11-00A0C91BC942}") = "zadanie1", "Wskazniki\Wskazniki.vcxproj", "{9E1AD598-4AB5-4918-920F-E08D011C13FD}"
EndProject
Project("{8BC9CEB8-8B4A-11D0-8D11-00A0C91BC942}") = "zadanie2", "zadanie2\zadanie2.vcxproj", "{7801F5CE-7E2C-423D-B412-EF6200D60089}"
EndProject
Project("{8BC9CEB8-8B4A-11D0-8D11-00A0C91BC942}") = "zadanie3", "zadanie3\zadanie3.vcxproj", "{8EE13E69-27CE-4CCA-9F51-4C473A578F28}"
EndProject
Project("{8BC9CEB8-8B4A-11D0-8D11-00A0C91BC942}") = "zadanie4", "zadanie4\zadanie4.vcxproj", "{EA2A0396-9A48-4028-A49D-F6A49EDABB94}"
EndProject
Project("{8BC9CEB8-8B4A-11D0-8D11-00A0C91BC942}") = "zadanie5", "zadanie5\zadanie5.vcxproj", "{0118B922-0033-4B40-8768-51B3B5E185A3}"
EndProject
Project("{8BC9CEB8-8B4A-11D0-8D11-00A0C91BC942}") = "zadanie6", "zadanie6\zadanie6.vcxproj", "{A7C46111-6994-4C18-A090-BA3E0A4C94F3}"
EndProject
Project("{8BC9CEB8-8B4A-11D0-8D11-00A0C91BC942}") = "zadanie7", "zadanie7\zadanie7.vcxproj", "{C0C65AA6-DA65-4104-B9BA-F1351E3ADE7E}"
EndProject
Project("{8BC9CEB8-8B4A-11D0-8D11-00A0C91BC942}") = "zadanie8", "zadanie8\zadanie8.vcxproj", "{92CBE31A-5F04-41F0-AF67-BB6F2A449ED1}"
EndProject
Project("{8BC9CEB8-8B4A-11D0-8D11-00A0C91BC942}") = "homework", "homework\homework.vcxproj", "{411E9E2D-5DF2-4C6A-9CAB-10159265A934}"
EndProject
Global
	GlobalSection(SolutionConfigurationPlatforms) = preSolution
		Debug|x64 = Debug|x64
		Debug|x86 = Debug|x86
		Release|x64 = Release|x64
		Release|x86 = Release|x86
	EndGlobalSection
	GlobalSection(ProjectConfigurationPlatforms) = postSolution
		{9E1AD598-4AB5-4918-920F-E08D011C13FD}.Debug|x64.ActiveCfg = Debug|x64
		{9E1AD598-4AB5-4918-920F-E08D011C13FD}.Debug|x64.Build.0 = Debug|x64
		{9E1AD598-4AB5-4918-920F-E08D011C13FD}.Debug|x86.ActiveCfg = Debug|Win32
		{9E1AD598-4AB5-4918-920F-E08D011C13FD}.Debug|x86.Build.0 = Debug|Win32
		{9E1AD598-4AB5-4918-920F-E08D011C13FD}.Release|x64.ActiveCfg = Release|x64
		{9E1AD598-4AB5-4918-920F-E08D011C13FD}.Release|x64.Build.0 = Release|x64
		{9E1AD598-4AB5-4918-920F-E08D011C13FD}.Release|x86.ActiveCfg = Release|Win32
		{9E1AD598-4AB5-4918-920F-E08D011C13FD}.Release|x86.Build.0 = Release|Win32
		{7801F5CE-7E2C-423D-B412-EF6200D60089}.Debug|x64.ActiveCfg = Debug|x64
		{7801F5CE-7E2C-423D-B412-EF6200D60089}.Debug|x64.Build.0 = Debug|x64
		{7801F5CE-7E2C-423D-B412-EF6200D60089}.Debug|x86.ActiveCfg = Debug|Win32
		{7801F5CE-7E2C-423D-B412-EF6200D60089}.Debug|x86.Build.0 = Debug|Win32
		{7801F5CE-7E2C-423D-B412-EF6200D60089}.Release|x64.ActiveCfg = Release|x64
		{7801F5CE-7E2C-423D-B412-EF6200D60089}.Release|x64.Build.0 = Release|x64
		{7801F5CE-7E2C-423D-B412-EF6200D60089}.Release|x86.ActiveCfg = Release|Win32
		{7801F5CE-7E2C-423D-B412-EF6200D60089}.Release|x86.Build.0 = Release|Win32
		{8EE13E69-27CE-4CCA-9F51-4C473A578F28}.Debug|x64.ActiveCfg = Debug|x64
		{8EE13E69-27CE-4CCA-9F51-4C473A578F28}.Debug|x64.Build.0 = Debug|x64
		{8EE13E69-27CE-4CCA-9F51-4C473A578F28}.Debug|x86.ActiveCfg = Debug|Win32
		{8EE13E69-27CE-4CCA-9F51-4C473A578F28}.Debug|x86.Build.0 = Debug|Win32
		{8EE13E69-27CE-4CCA-9F51-4C473A578F28}.Release|x64.ActiveCfg = Release|x64
		{8EE13E69-27CE-4CCA-9F51-4C473A578F28}.Release|x64.Build.0 = Release|x64
		{8EE13E69-27CE-4CCA-9F51-4C473A578F28}.Release|x86.ActiveCfg = Release|Win32
		{8EE13E69-27CE-4CCA-9F51-4C473A578F28}.Release|x86.Build.0 = Release|Win32
		{EA2A0396-9A48-4028-A49D-F6A49EDABB94}.Debug|x64.ActiveCfg = Debug|x64
		{EA2A0396-9A48-4028-A49D-F6A49EDABB94}.Debug|x64.Build.0 = Debug|x64
		{EA2A0396-9A48-4028-A49D-F6A49EDABB94}.Debug|x86.ActiveCfg = Debug|Win32
		{EA2A0396-9A48-4028-A49D-F6A49EDABB94}.Debug|x86.Build.0 = Debug|Win32
		{EA2A0396-9A48-4028-A49D-F6A49EDABB94}.Release|x64.ActiveCfg = Release|x64
		{EA2A0396-9A48-4028-A49D-F6A49EDABB94}.Release|x64.Build.0 = Release|x64
		{EA2A0396-9A48-4028-A49D-F6A49EDABB94}.Release|x86.ActiveCfg = Release|Win32
		{EA2A0396-9A48-4028-A49D-F6A49EDABB94}.Release|x86.Build.0 = Release|Win32
		{0118B922-0033-4B40-8768-51B3B5E185A3}.Debug|x64.ActiveCfg = Debug|x64
		{0118B922-0033-4B40-8768-51B3B5E185A3}.Debug|x64.Build.0 = Debug|x64
		{0118B922-0033-4B40-8768-51B3B5E185A3}.Debug|x86.ActiveCfg = Debug|Win32
		{0118B922-0033-4B40-8768-51B3B5E185A3}.Debug|x86.Build.0 = Debug|Win32
		{0118B922-0033-4B40-8768-51B3B5E185A3}.Release|x64.ActiveCfg = Release|x64
		{0118B922-0033-4B40-8768-51B3B5E185A3}.Release|x64.Build.0 = Release|x64
		{0118B922-0033-4B40-8768-51B3B5E185A3}.Release|x86.ActiveCfg = Release|Win32
		{0118B922-0033-4B40-8768-51B3B5E185A3}.Release|x86.Build.0 = Release|Win32
		{A7C46111-6994-4C18-A090-BA3E0A4C94F3}.Debug|x64.ActiveCfg = Debug|x64
		{A7C46111-6994-4C18-A090-BA3E0A4C94F3}.Debug|x64.Build.0 = Debug|x64
		{A7C46111-6994-4C18-A090-BA3E0A4C94F3}.Debug|x86.ActiveCfg = Debug|Win32
		{A7C46111-6994-4C18-A090-BA3E0A4C94F3}.Debug|x86.Build.0 = Debug|Win32
		{A7C46111-6994-4C18-A090-BA3E0A4C94F3}.Release|x64.ActiveCfg = Release|x64
		{A7C46111-6994-4C18-A090-BA3E0A4C94F3}.Release|x64.Build.0 = Release|x64
		{A7C46111-6994-4C18-A090-BA3E0A4C94F3}.Release|x86.ActiveCfg = Release|Win32
		{A7C46111-6994-4C18-A090-BA3E0A4C94F3}.Release|x86.Build.0 = Release|Win32
		{C0C65AA6-DA65-4104-B9BA-F1351E3ADE7E}.Debug|x64.ActiveCfg = Debug|x64
		{C0C65AA6-DA65-4104-B9BA-F1351E3ADE7E}.Debug|x64.Build.0 = Debug|x64
		{C0C65AA6-DA65-4104-B9BA-F1351E3ADE7E}.Debug|x86.ActiveCfg = Debug|Win32
		{C0C65AA6-DA65-4104-B9BA-F1351E3ADE7E}.Debug|x86.Build.0 = Debug|Win32
		{C0C65AA6-DA65-4104-B9BA-F1351E3ADE7E}.Release|x64.ActiveCfg = Release|x64
		{C0C65AA6-DA65-4104-B9BA-F1351E3ADE7E}.Release|x64.Build.0 = Release|x64
		{C0C65AA6-DA65-4104-B9BA-F1351E3ADE7E}.Release|x86.ActiveCfg = Release|Win32
		{C0C65AA6-DA65-4104-B9BA-F1351E3ADE7E}.Release|x86.Build.0 = Release|Win32
		{92CBE31A-5F04-41F0-AF67-BB6F2A449ED1}.Debug|x64.ActiveCfg = Debug|x64
		{92CBE31A-5F04-41F0-AF67-BB6F2A449ED1}.Debug|x64.Build.0 = Debug|x64
		{92CBE31A-5F04-41F0-AF67-BB6F2A449ED1}.Debug|x86.ActiveCfg = Debug|Win32
		{92CBE31A-5F04-41F0-AF67-BB6F2A449ED1}.Debug|x86.Build.0 = Debug|Win32
		{92CBE31A-5F04-41F0-AF67-BB6F2A449ED1}.Release|x64.ActiveCfg = Release|x64
		{92CBE31A-5F04-41F0-AF67-BB6F2A449ED1}.Release|x64.Build.0 = Release|x64
		{92CBE31A-5F04-41F0-AF67-BB6F2A449ED1}.Release|x86.ActiveCfg = Release|Win32
		{92CBE31A-5F04-41F0-AF67-BB6F2A449ED1}.Release|x86.Build.0 = Release|Win32
		{411E9E2D-5DF2-4C6A-9CAB-10159265A934}.Debug|x64.ActiveCfg = Debug|x64
		{411E9E2D-5DF2-4C6A-9CAB-10159265A934}.Debug|x64.Build.0 = Debug|x64
		{411E9E2D-5DF2-4C6A-9CAB-10159265A934}.Debug|x86.ActiveCfg = Debug|Win32
		{411E9E2D-5DF2-4C6A-9CAB-10159265A934}.Debug|x86.Build.0 = Debug|Win32
		{411E9E2D-5DF2-4C6A-9CAB-10159265A934}.Release|x64.ActiveCfg = Release|x64
		{411E9E2D-5DF2-4C6A-9CAB-10159265A934}.Release|x64.Build.0 = Release|x64
		{411E9E2D-5DF2-4C6A-9CAB-10159265A934}.Release|x86.ActiveCfg = Release|Win32
		{411E9E2D-5DF2-4C6A-9CAB-10159265A934}.Release|x86.Build.0 = Release|Win32
	EndGlobalSection
	GlobalSection(SolutionProperties) = preSolution
		HideSolutionNode = FALSE
	EndGlobalSection
EndGlobal
