
Microsoft Visual Studio Solution File, Format Version 12.00
# Visual Studio 14
VisualStudioVersion = 14.0.23107.0
MinimumVisualStudioVersion = 10.0.40219.1
Project("{8BC9CEB8-8B4A-11D0-8D11-00A0C91BC942}") = "zadanie 1", "zadanie1\zadanie1.vcxproj", "{E67DA981-32C7-466D-83C4-5D5DCE51C72F}"
EndProject
Project("{8BC9CEB8-8B4A-11D0-8D11-00A0C91BC942}") = "zadanie2", "zadanie2\zadanie2.vcxproj", "{48E765A9-D645-4AB7-A1BC-2C6A7CCC1C4D}"
EndProject
Project("{8BC9CEB8-8B4A-11D0-8D11-00A0C91BC942}") = "zadanie3", "zadanie3\zadanie3.vcxproj", "{614B9D44-C9BB-4513-A299-148BE7C6726F}"
EndProject
Project("{8BC9CEB8-8B4A-11D0-8D11-00A0C91BC942}") = "zadanie4", "zadanie4\zadanie4.vcxproj", "{C01AEF1E-DD10-4BE1-AF04-D72D45E42C39}"
EndProject
Project("{8BC9CEB8-8B4A-11D0-8D11-00A0C91BC942}") = "zadanie5", "zadanie5\zadanie5.vcxproj", "{103BACBC-500B-4164-9069-7E44A5C27CA1}"
EndProject
Project("{8BC9CEB8-8B4A-11D0-8D11-00A0C91BC942}") = "zadanie6", "zadanie6\zadanie6.vcxproj", "{CCCA49E1-DBAE-43EF-9991-2436D10A8D4F}"
EndProject
Project("{8BC9CEB8-8B4A-11D0-8D11-00A0C91BC942}") = "zadanie5a", "zadanie5a\zadanie5a.vcxproj", "{20C09ECD-149F-45E7-8850-1A9BD31288BF}"
EndProject
Project("{8BC9CEB8-8B4A-11D0-8D11-00A0C91BC942}") = "zadanie7", "zadanie7\zadanie7.vcxproj", "{73248D4F-CF09-439C-B0A9-788523C5DE75}"
EndProject
Project("{8BC9CEB8-8B4A-11D0-8D11-00A0C91BC942}") = "zadanie8", "zadanie8\zadanie8.vcxproj", "{A6D2F1C9-99A2-4525-843B-8F2B223DF7E9}"
EndProject
Project("{8BC9CEB8-8B4A-11D0-8D11-00A0C91BC942}") = "zadanie9b", "zadanie9b\zadanie9b.vcxproj", "{274680C3-7D66-4758-890C-407AA42B5245}"
EndProject
Project("{8BC9CEB8-8B4A-11D0-8D11-00A0C91BC942}") = "zadanie9a", "zadanie9a\zadanie9a.vcxproj", "{07EA2A13-DC31-474B-B121-EA638CFCA213}"
EndProject
Global
	GlobalSection(SolutionConfigurationPlatforms) = preSolution
		Debug|x64 = Debug|x64
		Debug|x86 = Debug|x86
		Release|x64 = Release|x64
		Release|x86 = Release|x86
	EndGlobalSection
	GlobalSection(ProjectConfigurationPlatforms) = postSolution
		{E67DA981-32C7-466D-83C4-5D5DCE51C72F}.Debug|x64.ActiveCfg = Debug|x64
		{E67DA981-32C7-466D-83C4-5D5DCE51C72F}.Debug|x64.Build.0 = Debug|x64
		{E67DA981-32C7-466D-83C4-5D5DCE51C72F}.Debug|x86.ActiveCfg = Debug|Win32
		{E67DA981-32C7-466D-83C4-5D5DCE51C72F}.Debug|x86.Build.0 = Debug|Win32
		{E67DA981-32C7-466D-83C4-5D5DCE51C72F}.Release|x64.ActiveCfg = Release|x64
		{E67DA981-32C7-466D-83C4-5D5DCE51C72F}.Release|x64.Build.0 = Release|x64
		{E67DA981-32C7-466D-83C4-5D5DCE51C72F}.Release|x86.ActiveCfg = Release|Win32
		{E67DA981-32C7-466D-83C4-5D5DCE51C72F}.Release|x86.Build.0 = Release|Win32
		{48E765A9-D645-4AB7-A1BC-2C6A7CCC1C4D}.Debug|x64.ActiveCfg = Debug|x64
		{48E765A9-D645-4AB7-A1BC-2C6A7CCC1C4D}.Debug|x64.Build.0 = Debug|x64
		{48E765A9-D645-4AB7-A1BC-2C6A7CCC1C4D}.Debug|x86.ActiveCfg = Debug|Win32
		{48E765A9-D645-4AB7-A1BC-2C6A7CCC1C4D}.Debug|x86.Build.0 = Debug|Win32
		{48E765A9-D645-4AB7-A1BC-2C6A7CCC1C4D}.Release|x64.ActiveCfg = Release|x64
		{48E765A9-D645-4AB7-A1BC-2C6A7CCC1C4D}.Release|x64.Build.0 = Release|x64
		{48E765A9-D645-4AB7-A1BC-2C6A7CCC1C4D}.Release|x86.ActiveCfg = Release|Win32
		{48E765A9-D645-4AB7-A1BC-2C6A7CCC1C4D}.Release|x86.Build.0 = Release|Win32
		{614B9D44-C9BB-4513-A299-148BE7C6726F}.Debug|x64.ActiveCfg = Debug|x64
		{614B9D44-C9BB-4513-A299-148BE7C6726F}.Debug|x64.Build.0 = Debug|x64
		{614B9D44-C9BB-4513-A299-148BE7C6726F}.Debug|x86.ActiveCfg = Debug|Win32
		{614B9D44-C9BB-4513-A299-148BE7C6726F}.Debug|x86.Build.0 = Debug|Win32
		{614B9D44-C9BB-4513-A299-148BE7C6726F}.Release|x64.ActiveCfg = Release|x64
		{614B9D44-C9BB-4513-A299-148BE7C6726F}.Release|x64.Build.0 = Release|x64
		{614B9D44-C9BB-4513-A299-148BE7C6726F}.Release|x86.ActiveCfg = Release|Win32
		{614B9D44-C9BB-4513-A299-148BE7C6726F}.Release|x86.Build.0 = Release|Win32
		{C01AEF1E-DD10-4BE1-AF04-D72D45E42C39}.Debug|x64.ActiveCfg = Debug|x64
		{C01AEF1E-DD10-4BE1-AF04-D72D45E42C39}.Debug|x64.Build.0 = Debug|x64
		{C01AEF1E-DD10-4BE1-AF04-D72D45E42C39}.Debug|x86.ActiveCfg = Debug|Win32
		{C01AEF1E-DD10-4BE1-AF04-D72D45E42C39}.Debug|x86.Build.0 = Debug|Win32
		{C01AEF1E-DD10-4BE1-AF04-D72D45E42C39}.Release|x64.ActiveCfg = Release|x64
		{C01AEF1E-DD10-4BE1-AF04-D72D45E42C39}.Release|x64.Build.0 = Release|x64
		{C01AEF1E-DD10-4BE1-AF04-D72D45E42C39}.Release|x86.ActiveCfg = Release|Win32
		{C01AEF1E-DD10-4BE1-AF04-D72D45E42C39}.Release|x86.Build.0 = Release|Win32
		{103BACBC-500B-4164-9069-7E44A5C27CA1}.Debug|x64.ActiveCfg = Debug|x64
		{103BACBC-500B-4164-9069-7E44A5C27CA1}.Debug|x64.Build.0 = Debug|x64
		{103BACBC-500B-4164-9069-7E44A5C27CA1}.Debug|x86.ActiveCfg = Debug|Win32
		{103BACBC-500B-4164-9069-7E44A5C27CA1}.Debug|x86.Build.0 = Debug|Win32
		{103BACBC-500B-4164-9069-7E44A5C27CA1}.Release|x64.ActiveCfg = Release|x64
		{103BACBC-500B-4164-9069-7E44A5C27CA1}.Release|x64.Build.0 = Release|x64
		{103BACBC-500B-4164-9069-7E44A5C27CA1}.Release|x86.ActiveCfg = Release|Win32
		{103BACBC-500B-4164-9069-7E44A5C27CA1}.Release|x86.Build.0 = Release|Win32
		{CCCA49E1-DBAE-43EF-9991-2436D10A8D4F}.Debug|x64.ActiveCfg = Debug|x64
		{CCCA49E1-DBAE-43EF-9991-2436D10A8D4F}.Debug|x64.Build.0 = Debug|x64
		{CCCA49E1-DBAE-43EF-9991-2436D10A8D4F}.Debug|x86.ActiveCfg = Debug|Win32
		{CCCA49E1-DBAE-43EF-9991-2436D10A8D4F}.Debug|x86.Build.0 = Debug|Win32
		{CCCA49E1-DBAE-43EF-9991-2436D10A8D4F}.Release|x64.ActiveCfg = Release|x64
		{CCCA49E1-DBAE-43EF-9991-2436D10A8D4F}.Release|x64.Build.0 = Release|x64
		{CCCA49E1-DBAE-43EF-9991-2436D10A8D4F}.Release|x86.ActiveCfg = Release|Win32
		{CCCA49E1-DBAE-43EF-9991-2436D10A8D4F}.Release|x86.Build.0 = Release|Win32
		{20C09ECD-149F-45E7-8850-1A9BD31288BF}.Debug|x64.ActiveCfg = Debug|x64
		{20C09ECD-149F-45E7-8850-1A9BD31288BF}.Debug|x64.Build.0 = Debug|x64
		{20C09ECD-149F-45E7-8850-1A9BD31288BF}.Debug|x86.ActiveCfg = Debug|Win32
		{20C09ECD-149F-45E7-8850-1A9BD31288BF}.Debug|x86.Build.0 = Debug|Win32
		{20C09ECD-149F-45E7-8850-1A9BD31288BF}.Release|x64.ActiveCfg = Release|x64
		{20C09ECD-149F-45E7-8850-1A9BD31288BF}.Release|x64.Build.0 = Release|x64
		{20C09ECD-149F-45E7-8850-1A9BD31288BF}.Release|x86.ActiveCfg = Release|Win32
		{20C09ECD-149F-45E7-8850-1A9BD31288BF}.Release|x86.Build.0 = Release|Win32
		{73248D4F-CF09-439C-B0A9-788523C5DE75}.Debug|x64.ActiveCfg = Debug|x64
		{73248D4F-CF09-439C-B0A9-788523C5DE75}.Debug|x64.Build.0 = Debug|x64
		{73248D4F-CF09-439C-B0A9-788523C5DE75}.Debug|x86.ActiveCfg = Debug|Win32
		{73248D4F-CF09-439C-B0A9-788523C5DE75}.Debug|x86.Build.0 = Debug|Win32
		{73248D4F-CF09-439C-B0A9-788523C5DE75}.Release|x64.ActiveCfg = Release|x64
		{73248D4F-CF09-439C-B0A9-788523C5DE75}.Release|x64.Build.0 = Release|x64
		{73248D4F-CF09-439C-B0A9-788523C5DE75}.Release|x86.ActiveCfg = Release|Win32
		{73248D4F-CF09-439C-B0A9-788523C5DE75}.Release|x86.Build.0 = Release|Win32
		{A6D2F1C9-99A2-4525-843B-8F2B223DF7E9}.Debug|x64.ActiveCfg = Debug|x64
		{A6D2F1C9-99A2-4525-843B-8F2B223DF7E9}.Debug|x64.Build.0 = Debug|x64
		{A6D2F1C9-99A2-4525-843B-8F2B223DF7E9}.Debug|x86.ActiveCfg = Debug|Win32
		{A6D2F1C9-99A2-4525-843B-8F2B223DF7E9}.Debug|x86.Build.0 = Debug|Win32
		{A6D2F1C9-99A2-4525-843B-8F2B223DF7E9}.Release|x64.ActiveCfg = Release|x64
		{A6D2F1C9-99A2-4525-843B-8F2B223DF7E9}.Release|x64.Build.0 = Release|x64
		{A6D2F1C9-99A2-4525-843B-8F2B223DF7E9}.Release|x86.ActiveCfg = Release|Win32
		{A6D2F1C9-99A2-4525-843B-8F2B223DF7E9}.Release|x86.Build.0 = Release|Win32
		{274680C3-7D66-4758-890C-407AA42B5245}.Debug|x64.ActiveCfg = Debug|x64
		{274680C3-7D66-4758-890C-407AA42B5245}.Debug|x64.Build.0 = Debug|x64
		{274680C3-7D66-4758-890C-407AA42B5245}.Debug|x86.ActiveCfg = Debug|Win32
		{274680C3-7D66-4758-890C-407AA42B5245}.Debug|x86.Build.0 = Debug|Win32
		{274680C3-7D66-4758-890C-407AA42B5245}.Release|x64.ActiveCfg = Release|x64
		{274680C3-7D66-4758-890C-407AA42B5245}.Release|x64.Build.0 = Release|x64
		{274680C3-7D66-4758-890C-407AA42B5245}.Release|x86.ActiveCfg = Release|Win32
		{274680C3-7D66-4758-890C-407AA42B5245}.Release|x86.Build.0 = Release|Win32
		{07EA2A13-DC31-474B-B121-EA638CFCA213}.Debug|x64.ActiveCfg = Debug|x64
		{07EA2A13-DC31-474B-B121-EA638CFCA213}.Debug|x64.Build.0 = Debug|x64
		{07EA2A13-DC31-474B-B121-EA638CFCA213}.Debug|x86.ActiveCfg = Debug|Win32
		{07EA2A13-DC31-474B-B121-EA638CFCA213}.Debug|x86.Build.0 = Debug|Win32
		{07EA2A13-DC31-474B-B121-EA638CFCA213}.Release|x64.ActiveCfg = Release|x64
		{07EA2A13-DC31-474B-B121-EA638CFCA213}.Release|x64.Build.0 = Release|x64
		{07EA2A13-DC31-474B-B121-EA638CFCA213}.Release|x86.ActiveCfg = Release|Win32
		{07EA2A13-DC31-474B-B121-EA638CFCA213}.Release|x86.Build.0 = Release|Win32
	EndGlobalSection
	GlobalSection(SolutionProperties) = preSolution
		HideSolutionNode = FALSE
	EndGlobalSection
EndGlobal
